
Microsoft Visual Studio Solution File, Format Version 12.00
# Visual Studio Version 17
VisualStudioVersion = 17.9.34728.123
MinimumVisualStudioVersion = 10.0.40219.1
Project("{FAE04EC0-301F-11D3-BF4B-00C04F79EFBC}") = "TioRAC.U8GT", "TioRAC.U8GT.csproj", "{EC2E56AC-2B86-44BB-8686-982CF14461CB}"
EndProject
Global
	GlobalSection(SolutionConfigurationPlatforms) = preSolution
		Debug|Any CPU = Debug|Any CPU
		Release|Any CPU = Release|Any CPU
	EndGlobalSection
	GlobalSection(ProjectConfigurationPlatforms) = postSolution
		{EC2E56AC-2B86-44BB-8686-982CF14461CB}.Debug|Any CPU.ActiveCfg = Debug|Any CPU
		{EC2E56AC-2B86-44BB-8686-982CF14461CB}.Debug|Any CPU.Build.0 = Debug|Any CPU
		{EC2E56AC-2B86-44BB-8686-982CF14461CB}.Release|Any CPU.ActiveCfg = Release|Any CPU
		{EC2E56AC-2B86-44BB-8686-982CF14461CB}.Release|Any CPU.Build.0 = Release|Any CPU
	EndGlobalSection
	GlobalSection(SolutionProperties) = preSolution
		HideSolutionNode = FALSE
	EndGlobalSection
	GlobalSection(ExtensibilityGlobals) = postSolution
		SolutionGuid = {7AD1B9E3-4D41-4FF2-9282-A52502E9AA8E}
	EndGlobalSection
EndGlobal
